
Microsoft Visual Studio Solution File, Format Version 12.00
# Visual Studio 15
VisualStudioVersion = 15.0.27703.2047
MinimumVisualStudioVersion = 10.0.40219.1
Project("{FAE04EC0-301F-11D3-BF4B-00C04F79EFBC}") = "CqrsEventSourcingDotnet", "CqrsEventSourcingDotnet\CqrsEventSourcingDotnet.csproj", "{98C646F4-2E7A-45CF-AA14-9C4DE8528B10}"
EndProject
Global
	GlobalSection(SolutionConfigurationPlatforms) = preSolution
		Debug|Any CPU = Debug|Any CPU
		Release|Any CPU = Release|Any CPU
	EndGlobalSection
	GlobalSection(ProjectConfigurationPlatforms) = postSolution
		{98C646F4-2E7A-45CF-AA14-9C4DE8528B10}.Debug|Any CPU.ActiveCfg = Debug|Any CPU
		{98C646F4-2E7A-45CF-AA14-9C4DE8528B10}.Debug|Any CPU.Build.0 = Debug|Any CPU
		{98C646F4-2E7A-45CF-AA14-9C4DE8528B10}.Release|Any CPU.ActiveCfg = Release|Any CPU
		{98C646F4-2E7A-45CF-AA14-9C4DE8528B10}.Release|Any CPU.Build.0 = Release|Any CPU
	EndGlobalSection
	GlobalSection(SolutionProperties) = preSolution
		HideSolutionNode = FALSE
	EndGlobalSection
	GlobalSection(ExtensibilityGlobals) = postSolution
		SolutionGuid = {DBFD9F0D-1CD9-4EB8-86D9-CBED4D3B6402}
	EndGlobalSection
EndGlobal
